
Microsoft Visual Studio Solution File, Format Version 12.00
# Visual Studio Version 16
VisualStudioVersion = 16.0.30204.135
MinimumVisualStudioVersion = 10.0.40219.1
Project("{FAE04EC0-301F-11D3-BF4B-00C04F79EFBC}") = "ScanSourceWebAPI", "ScanSourceWebAPI\ScanSourceWebAPI.csproj", "{F3236BF1-0735-40D2-9EED-5A717C80FB6B}"
EndProject
Project("{FAE04EC0-301F-11D3-BF4B-00C04F79EFBC}") = "ScanSource.Services", "ScanSource.Services\ScanSource.Services.csproj", "{032CC8AF-66E2-4069-8D8F-35ED14B386CF}"
EndProject
Global
	GlobalSection(SolutionConfigurationPlatforms) = preSolution
		Debug|Any CPU = Debug|Any CPU
		Release|Any CPU = Release|Any CPU
	EndGlobalSection
	GlobalSection(ProjectConfigurationPlatforms) = postSolution
		{F3236BF1-0735-40D2-9EED-5A717C80FB6B}.Debug|Any CPU.ActiveCfg = Debug|Any CPU
		{F3236BF1-0735-40D2-9EED-5A717C80FB6B}.Debug|Any CPU.Build.0 = Debug|Any CPU
		{F3236BF1-0735-40D2-9EED-5A717C80FB6B}.Release|Any CPU.ActiveCfg = Release|Any CPU
		{F3236BF1-0735-40D2-9EED-5A717C80FB6B}.Release|Any CPU.Build.0 = Release|Any CPU
		{032CC8AF-66E2-4069-8D8F-35ED14B386CF}.Debug|Any CPU.ActiveCfg = Debug|Any CPU
		{032CC8AF-66E2-4069-8D8F-35ED14B386CF}.Debug|Any CPU.Build.0 = Debug|Any CPU
		{032CC8AF-66E2-4069-8D8F-35ED14B386CF}.Release|Any CPU.ActiveCfg = Release|Any CPU
		{032CC8AF-66E2-4069-8D8F-35ED14B386CF}.Release|Any CPU.Build.0 = Release|Any CPU
	EndGlobalSection
	GlobalSection(SolutionProperties) = preSolution
		HideSolutionNode = FALSE
	EndGlobalSection
	GlobalSection(ExtensibilityGlobals) = postSolution
		SolutionGuid = {4DB6F685-99EE-4367-AB77-2A9BE6F436F9}
	EndGlobalSection
EndGlobal
